// !$*UTF8*$!
{
	archiveVersion = 1;
	classes = {
	};
	objectVersion = 50;
	objects = {

/* Begin PBXBuildFile section */
		CEA2115F256FEB9B00E7CBAC /* TheGoodDoggoApp.swift in Sources */ = {isa = PBXBuildFile; fileRef = CEA2115E256FEB9B00E7CBAC /* TheGoodDoggoApp.swift */; };
		CEA21161256FEB9B00E7CBAC /* ContentView.swift in Sources */ = {isa = PBXBuildFile; fileRef = CEA21160256FEB9B00E7CBAC /* ContentView.swift */; };
		CEA21163256FEB9D00E7CBAC /* Assets.xcassets in Resources */ = {isa = PBXBuildFile; fileRef = CEA21162256FEB9D00E7CBAC /* Assets.xcassets */; };
		CEA21166256FEB9D00E7CBAC /* Preview Assets.xcassets in Resources */ = {isa = PBXBuildFile; fileRef = CEA21165256FEB9D00E7CBAC /* Preview Assets.xcassets */; };
/* End PBXBuildFile section */

/* Begin PBXFileReference section */
		CEA2115B256FEB9B00E7CBAC /* TheGoodDoggo.app */ = {isa = PBXFileReference; explicitFileType = wrapper.application; includeInIndex = 0; path = TheGoodDoggo.app; sourceTree = BUILT_PRODUCTS_DIR; };
		CEA2115E256FEB9B00E7CBAC /* TheGoodDoggoApp.swift */ = {isa = PBXFileReference; lastKnownFileType = sourcecode.swift; path = TheGoodDoggoApp.swift; sourceTree = "<group>"; };
		CEA21160256FEB9B00E7CBAC /* ContentView.swift */ = {isa = PBXFileReference; lastKnownFileType = sourcecode.swift; path = ContentView.swift; sourceTree = "<group>"; };
		CEA21162256FEB9D00E7CBAC /* Assets.xcassets */ = {isa = PBXFileReference; lastKnownFileType = folder.assetcatalog; path = Assets.xcassets; sourceTree = "<group>"; };
		CEA21165256FEB9D00E7CBAC /* Preview Assets.xcassets */ = {isa = PBXFileReference; lastKnownFileType = folder.assetcatalog; path = "Preview Assets.xcassets"; sourceTree = "<group>"; };
		CEA21167256FEB9D00E7CBAC /* Info.plist */ = {isa = PBXFileReference; lastKnownFileType = text.plist.xml; path = Info.plist; sourceTree = "<group>"; };
/* End PBXFileReference section */

/* Begin PBXFrameworksBuildPhase section */
		CEA21158256FEB9B00E7CBAC /* Frameworks */ = {
			isa = PBXFrameworksBuildPhase;
			buildActionMask = 2147483647;
			files = (
			);
			runOnlyForDeploymentPostprocessing = 0;
		};
/* End PBXFrameworksBuildPhase section */

/* Begin PBXGroup section */
		CEA21152256FEB9A00E7CBAC = {
			isa = PBXGroup;
			children = (
				CEA2115D256FEB9B00E7CBAC /* TheGoodDoggo */,
				CEA2115C256FEB9B00E7CBAC /* Products */,
			);
			sourceTree = "<group>";
		};
		CEA2115C256FEB9B00E7CBAC /* Products */ = {
			isa = PBXGroup;
			children = (
				CEA2115B256FEB9B00E7CBAC /* TheGoodDoggo.app */,
			);
			name = Products;
			sourceTree = "<group>";
		};
		CEA2115D256FEB9B00E7CBAC /* TheGoodDoggo */ = {
			isa = PBXGroup;
			children = (
				CEA2115E256FEB9B00E7CBAC /* TheGoodDoggoApp.swift */,
				CEA21160256FEB9B00E7CBAC /* ContentView.swift */,
				CEA21162256FEB9D00E7CBAC /* Assets.xcassets */,
				CEA21167256FEB9D00E7CBAC /* Info.plist */,
				CEA21164256FEB9D00E7CBAC /* Preview Content */,
			);
			path = TheGoodDoggo;
			sourceTree = "<group>";
		};
		CEA21164256FEB9D00E7CBAC /* Preview Content */ = {
			isa = PBXGroup;
			children = (
				CEA21165256FEB9D00E7CBAC /* Preview Assets.xcassets */,
			);
			path = "Preview Content";
			sourceTree = "<group>";
		};
/* End PBXGroup section */

/* Begin PBXNativeTarget section */
		CEA2115A256FEB9B00E7CBAC /* TheGoodDoggo */ = {
			isa = PBXNativeTarget;
			buildConfigurationList = CEA2116A256FEB9D00E7CBAC /* Build configuration list for PBXNativeTarget "TheGoodDoggo" */;
			buildPhases = (
				CEA21157256FEB9B00E7CBAC /* Sources */,
				CEA21158256FEB9B00E7CBAC /* Frameworks */,
				CEA21159256FEB9B00E7CBAC /* Resources */,
			);
			buildRules = (
			);
			dependencies = (
			);
			name = TheGoodDoggo;
			productName = TheGoodDoggo;
			productReference = CEA2115B256FEB9B00E7CBAC /* TheGoodDoggo.app */;
			productType = "com.apple.product-type.application";
		};
/* End PBXNativeTarget section */

/* Begin PBXProject section */
		CEA21153256FEB9A00E7CBAC /* Project object */ = {
			isa = PBXProject;
			attributes = {
				LastSwiftUpdateCheck = 1200;
				LastUpgradeCheck = 1200;
				TargetAttributes = {
					CEA2115A256FEB9B00E7CBAC = {
						CreatedOnToolsVersion = 12.0.1;
					};
				};
			};
			buildConfigurationList = CEA21156256FEB9A00E7CBAC /* Build configuration list for PBXProject "TheGoodDoggo" */;
			compatibilityVersion = "Xcode 9.3";
			developmentRegion = en;
			hasScannedForEncodings = 0;
			knownRegions = (
				en,
				Base,
			);
			mainGroup = CEA21152256FEB9A00E7CBAC;
			productRefGroup = CEA2115C256FEB9B00E7CBAC /* Products */;
			projectDirPath = "";
			projectRoot = "";
			targets = (
				CEA2115A256FEB9B00E7CBAC /* TheGoodDoggo */,
			);
		};
/* End PBXProject section */

/* Begin PBXResourcesBuildPhase section */
		CEA21159256FEB9B00E7CBAC /* Resources */ = {
			isa = PBXResourcesBuildPhase;
			buildActionMask = 2147483647;
			files = (
				CEA21166256FEB9D00E7CBAC /* Preview Assets.xcassets in Resources */,
				CEA21163256FEB9D00E7CBAC /* Assets.xcassets in Resources */,
			);
			runOnlyForDeploymentPostprocessing = 0;
		};
/* End PBXResourcesBuildPhase section */

/* Begin PBXSourcesBuildPhase section */
		CEA21157256FEB9B00E7CBAC /* Sources */ = {
			isa = PBXSourcesBuildPhase;
			buildActionMask = 2147483647;
			files = (
				CEA21161256FEB9B00E7CBAC /* ContentView.swift in Sources */,
				CEA2115F256FEB9B00E7CBAC /* TheGoodDoggoApp.swift in Sources */,
			);
			runOnlyForDeploymentPostprocessing = 0;
		};
/* End PBXSourcesBuildPhase section */

/* Begin XCBuildConfiguration section */
		CEA21168256FEB9D00E7CBAC /* Debug */ = {
			isa = XCBuildConfiguration;
			buildSettings = {
				ALWAYS_SEARCH_USER_PATHS = NO;
				CLANG_ANALYZER_NONNULL = YES;
				CLANG_ANALYZER_NUMBER_OBJECT_CONVERSION = YES_AGGRESSIVE;
				CLANG_CXX_LANGUAGE_STANDARD = "gnu++14";
				CLANG_CXX_LIBRARY = "libc++";
				CLANG_ENABLE_MODULES = YES;
				CLANG_ENABLE_OBJC_ARC = YES;
				CLANG_ENABLE_OBJC_WEAK = YES;
				CLANG_WARN_BLOCK_CAPTURE_AUTORELEASING = YES;
				CLANG_WARN_BOOL_CONVERSION = YES;
				CLANG_WARN_COMMA = YES;
				CLANG_WARN_CONSTANT_CONVERSION = YES;
				CLANG_WARN_DEPRECATED_OBJC_IMPLEMENTATIONS = YES;
				CLANG_WARN_DIRECT_OBJC_ISA_USAGE = YES_ERROR;
				CLANG_WARN_DOCUMENTATION_COMMENTS = YES;
				CLANG_WARN_EMPTY_BODY = YES;
				CLANG_WARN_ENUM_CONVERSION = YES;
				CLANG_WARN_INFINITE_RECURSION = YES;
				CLANG_WARN_INT_CONVERSION = YES;
				CLANG_WARN_NON_LITERAL_NULL_CONVERSION = YES;
				CLANG_WARN_OBJC_IMPLICIT_RETAIN_SELF = YES;
				CLANG_WARN_OBJC_LITERAL_CONVERSION = YES;
				CLANG_WARN_OBJC_ROOT_CLASS = YES_ERROR;
				CLANG_WARN_QUOTED_INCLUDE_IN_FRAMEWORK_HEADER = YES;
				CLANG_WARN_RANGE_LOOP_ANALYSIS = YES;
				CLANG_WARN_STRICT_PROTOTYPES = YES;
				CLANG_WARN_SUSPICIOUS_MOVE = YES;
				CLANG_WARN_UNGUARDED_AVAILABILITY = YES_AGGRESSIVE;
				CLANG_WARN_UNREACHABLE_CODE = YES;
				CLANG_WARN__DUPLICATE_METHOD_MATCH = YES;
				COPY_PHASE_STRIP = NO;
				DEBUG_INFORMATION_FORMAT = dwarf;
				ENABLE_STRICT_OBJC_MSGSEND = YES;
				ENABLE_TESTABILITY = YES;
				GCC_C_LANGUAGE_STANDARD = gnu11;
				GCC_DYNAMIC_NO_PIC = NO;
				GCC_NO_COMMON_BLOCKS = YES;
				GCC_OPTIMIZATION_LEVEL = 0;
				GCC_PREPROCESSOR_DEFINITIONS = (
					"DEBUG=1",
					"$(inherited)",
				);
				GCC_WARN_64_TO_32_BIT_CONVERSION = YES;
				GCC_WARN_ABOUT_RETURN_TYPE = YES_ERROR;
				GCC_WARN_UNDECLARED_SELECTOR = YES;
				GCC_WARN_UNINITIALIZED_AUTOS = YES_AGGRESSIVE;
				GCC_WARN_UNUSED_FUNCTION = YES;
				GCC_WARN_UNUSED_VARIABLE = YES;
				IPHONEOS_DEPLOYMENT_TARGET = 14.0;
				MTL_ENABLE_DEBUG_INFO = INCLUDE_SOURCE;
				MTL_FAST_MATH = YES;
				ONLY_ACTIVE_ARCH = YES;
				SDKROOT = iphoneos;
				SWIFT_ACTIVE_COMPILATION_CONDITIONS = DEBUG;
				SWIFT_OPTIMIZATION_LEVEL = "-Onone";
			};
			name = Debug;
		};
		CEA21169256FEB9D00E7CBAC /* Release */ = {
			isa = XCBuildConfiguration;
			buildSettings = {
				ALWAYS_SEARCH_USER_PATHS = NO;
				CLANG_ANALYZER_NONNULL = YES;
				CLANG_ANALYZER_NUMBER_OBJECT_CONVERSION = YES_AGGRESSIVE;
				CLANG_CXX_LANGUAGE_STANDARD = "gnu++14";
				CLANG_CXX_LIBRARY = "libc++";
				CLANG_ENABLE_MODULES = YES;
				CLANG_ENABLE_OBJC_ARC = YES;
				CLANG_ENABLE_OBJC_WEAK = YES;
				CLANG_WARN_BLOCK_CAPTURE_AUTORELEASING = YES;
				CLANG_WARN_BOOL_CONVERSION = YES;
				CLANG_WARN_COMMA = YES;
				CLANG_WARN_CONSTANT_CONVERSION = YES;
				CLANG_WARN_DEPRECATED_OBJC_IMPLEMENTATIONS = YES;
				CLANG_WARN_DIRECT_OBJC_ISA_USAGE = YES_ERROR;
				CLANG_WARN_DOCUMENTATION_COMMENTS = YES;
				CLANG_WARN_EMPTY_BODY = YES;
				CLANG_WARN_ENUM_CONVERSION = YES;
				CLANG_WARN_INFINITE_RECURSION = YES;
				CLANG_WARN_INT_CONVERSION = YES;
				CLANG_WARN_NON_LITERAL_NULL_CONVERSION = YES;
				CLANG_WARN_OBJC_IMPLICIT_RETAIN_SELF = YES;
				CLANG_WARN_OBJC_LITERAL_CONVERSION = YES;
				CLANG_WARN_OBJC_ROOT_CLASS = YES_ERROR;
				CLANG_WARN_QUOTED_INCLUDE_IN_FRAMEWORK_HEADER = YES;
				CLANG_WARN_RANGE_LOOP_ANALYSIS = YES;
				CLANG_WARN_STRICT_PROTOTYPES = YES;
				CLANG_WARN_SUSPICIOUS_MOVE = YES;
				CLANG_WARN_UNGUARDED_AVAILABILITY = YES_AGGRESSIVE;
				CLANG_WARN_UNREACHABLE_CODE = YES;
				CLANG_WARN__DUPLICATE_METHOD_MATCH = YES;
				COPY_PHASE_STRIP = NO;
				DEBUG_INFORMATION_FORMAT = "dwarf-with-dsym";
				ENABLE_NS_ASSERTIONS = NO;
				ENABLE_STRICT_OBJC_MSGSEND = YES;
				GCC_C_LANGUAGE_STANDARD = gnu11;
				GCC_NO_COMMON_BLOCKS = YES;
				GCC_WARN_64_TO_32_BIT_CONVERSION = YES;
				GCC_WARN_ABOUT_RETURN_TYPE = YES_ERROR;
				GCC_WARN_UNDECLARED_SELECTOR = YES;
				GCC_WARN_UNINITIALIZED_AUTOS = YES_AGGRESSIVE;
				GCC_WARN_UNUSED_FUNCTION = YES;
				GCC_WARN_UNUSED_VARIABLE = YES;
				IPHONEOS_DEPLOYMENT_TARGET = 14.0;
				MTL_ENABLE_DEBUG_INFO = NO;
				MTL_FAST_MATH = YES;
				SDKROOT = iphoneos;
				SWIFT_COMPILATION_MODE = wholemodule;
				SWIFT_OPTIMIZATION_LEVEL = "-O";
				VALIDATE_PRODUCT = YES;
			};
			name = Release;
		};
		CEA2116B256FEB9D00E7CBAC /* Debug */ = {
			isa = XCBuildConfiguration;
			buildSettings = {
				ASSETCATALOG_COMPILER_APPICON_NAME = AppIcon;
				ASSETCATALOG_COMPILER_GLOBAL_ACCENT_COLOR_NAME = AccentColor;
				CODE_SIGN_STYLE = Automatic;
				DEVELOPMENT_ASSET_PATHS = "\"TheGoodDoggo/Preview Content\"";
				DEVELOPMENT_TEAM = T5P6TDLT2T;
				ENABLE_PREVIEWS = YES;
				INFOPLIST_FILE = TheGoodDoggo/Info.plist;
				IPHONEOS_DEPLOYMENT_TARGET = 14.0;
				LD_RUNPATH_SEARCH_PATHS = (
					"$(inherited)",
					"@executable_path/Frameworks",
				);
				PRODUCT_BUNDLE_IDENTIFIER = ca.angusmcaloon.TheGoodDoggo;
				PRODUCT_NAME = "$(TARGET_NAME)";
				SWIFT_VERSION = 5.0;
				TARGETED_DEVICE_FAMILY = "1,2";
			};
			name = Debug;
		};
		CEA2116C256FEB9D00E7CBAC /* Release */ = {
			isa = XCBuildConfiguration;
			buildSettings = {
				ASSETCATALOG_COMPILER_APPICON_NAME = AppIcon;
				ASSETCATALOG_COMPILER_GLOBAL_ACCENT_COLOR_NAME = AccentColor;
				CODE_SIGN_STYLE = Automatic;
				DEVELOPMENT_ASSET_PATHS = "\"TheGoodDoggo/Preview Content\"";
				DEVELOPMENT_TEAM = T5P6TDLT2T;
				ENABLE_PREVIEWS = YES;
				INFOPLIST_FILE = TheGoodDoggo/Info.plist;
				IPHONEOS_DEPLOYMENT_TARGET = 14.0;
				LD_RUNPATH_SEARCH_PATHS = (
					"$(inherited)",
					"@executable_path/Frameworks",
				);
				PRODUCT_BUNDLE_IDENTIFIER = ca.angusmcaloon.TheGoodDoggo;
				PRODUCT_NAME = "$(TARGET_NAME)";
				SWIFT_VERSION = 5.0;
				TARGETED_DEVICE_FAMILY = "1,2";
			};
			name = Release;
		};
/* End XCBuildConfiguration section */

/* Begin XCConfigurationList section */
		CEA21156256FEB9A00E7CBAC /* Build configuration list for PBXProject "TheGoodDoggo" */ = {
			isa = XCConfigurationList;
			buildConfigurations = (
				CEA21168256FEB9D00E7CBAC /* Debug */,
				CEA21169256FEB9D00E7CBAC /* Release */,
			);
			defaultConfigurationIsVisible = 0;
			defaultConfigurationName = Release;
		};
		CEA2116A256FEB9D00E7CBAC /* Build configuration list for PBXNativeTarget "TheGoodDoggo" */ = {
			isa = XCConfigurationList;
			buildConfigurations = (
				CEA2116B256FEB9D00E7CBAC /* Debug */,
				CEA2116C256FEB9D00E7CBAC /* Release */,
			);
			defaultConfigurationIsVisible = 0;
			defaultConfigurationName = Release;
		};
/* End XCConfigurationList section */
	};
	rootObject = CEA21153256FEB9A00E7CBAC /* Project object */;
}
